
Microsoft Visual Studio Solution File, Format Version 12.00
# Visual Studio Version 16
VisualStudioVersion = 16.0.30907.101
MinimumVisualStudioVersion = 10.0.40219.1
Project("{8BC9CEB8-8B4A-11D0-8D11-00A0C91BC942}") = "Прямоугольник", "Прямоугольник\Прямоугольник.vcxproj", "{88212C47-6633-4559-95B3-EC8B801B002D}"
EndProject
Global
	GlobalSection(SolutionConfigurationPlatforms) = preSolution
		Debug|x64 = Debug|x64
		Debug|x86 = Debug|x86
		Release|x64 = Release|x64
		Release|x86 = Release|x86
	EndGlobalSection
	GlobalSection(ProjectConfigurationPlatforms) = postSolution
		{88212C47-6633-4559-95B3-EC8B801B002D}.Debug|x64.ActiveCfg = Debug|x64
		{88212C47-6633-4559-95B3-EC8B801B002D}.Debug|x64.Build.0 = Debug|x64
		{88212C47-6633-4559-95B3-EC8B801B002D}.Debug|x86.ActiveCfg = Debug|Win32
		{88212C47-6633-4559-95B3-EC8B801B002D}.Debug|x86.Build.0 = Debug|Win32
		{88212C47-6633-4559-95B3-EC8B801B002D}.Release|x64.ActiveCfg = Release|x64
		{88212C47-6633-4559-95B3-EC8B801B002D}.Release|x64.Build.0 = Release|x64
		{88212C47-6633-4559-95B3-EC8B801B002D}.Release|x86.ActiveCfg = Release|Win32
		{88212C47-6633-4559-95B3-EC8B801B002D}.Release|x86.Build.0 = Release|Win32
	EndGlobalSection
	GlobalSection(SolutionProperties) = preSolution
		HideSolutionNode = FALSE
	EndGlobalSection
	GlobalSection(ExtensibilityGlobals) = postSolution
		SolutionGuid = {8DF4F1E0-57DA-4B88-BAAA-BED80005A71A}
	EndGlobalSection
EndGlobal
