
Microsoft Visual Studio Solution File, Format Version 12.00
# Visual Studio Version 16
VisualStudioVersion = 16.0.30907.101
MinimumVisualStudioVersion = 10.0.40219.1
Project("{8BC9CEB8-8B4A-11D0-8D11-00A0C91BC942}") = "Project1", "Project1\Project1.vcxproj", "{C0A68842-A9B9-4F92-919C-C9FCF30A852D}"
EndProject
Global
	GlobalSection(SolutionConfigurationPlatforms) = preSolution
		Debug|x64 = Debug|x64
		Debug|x86 = Debug|x86
		Release|x64 = Release|x64
		Release|x86 = Release|x86
	EndGlobalSection
	GlobalSection(ProjectConfigurationPlatforms) = postSolution
		{C0A68842-A9B9-4F92-919C-C9FCF30A852D}.Debug|x64.ActiveCfg = Debug|x64
		{C0A68842-A9B9-4F92-919C-C9FCF30A852D}.Debug|x64.Build.0 = Debug|x64
		{C0A68842-A9B9-4F92-919C-C9FCF30A852D}.Debug|x86.ActiveCfg = Debug|Win32
		{C0A68842-A9B9-4F92-919C-C9FCF30A852D}.Debug|x86.Build.0 = Debug|Win32
		{C0A68842-A9B9-4F92-919C-C9FCF30A852D}.Release|x64.ActiveCfg = Release|x64
		{C0A68842-A9B9-4F92-919C-C9FCF30A852D}.Release|x64.Build.0 = Release|x64
		{C0A68842-A9B9-4F92-919C-C9FCF30A852D}.Release|x86.ActiveCfg = Release|Win32
		{C0A68842-A9B9-4F92-919C-C9FCF30A852D}.Release|x86.Build.0 = Release|Win32
	EndGlobalSection
	GlobalSection(SolutionProperties) = preSolution
		HideSolutionNode = FALSE
	EndGlobalSection
	GlobalSection(ExtensibilityGlobals) = postSolution
		SolutionGuid = {54FB3FB6-E97F-4D79-BBE3-B9CDEFBEB5E2}
	EndGlobalSection
EndGlobal
