
Microsoft Visual Studio Solution File, Format Version 12.00
# Visual Studio Version 16
VisualStudioVersion = 16.0.30907.101
MinimumVisualStudioVersion = 10.0.40219.1
Project("{8BC9CEB8-8B4A-11D0-8D11-00A0C91BC942}") = "Четные отрицательные в матрице", "Четные отрицательные в матрице\Четные отрицательные в матрице.vcxproj", "{57AAAE13-09BA-4295-9CF2-36E7B7D84765}"
EndProject
Global
	GlobalSection(SolutionConfigurationPlatforms) = preSolution
		Debug|x64 = Debug|x64
		Debug|x86 = Debug|x86
		Release|x64 = Release|x64
		Release|x86 = Release|x86
	EndGlobalSection
	GlobalSection(ProjectConfigurationPlatforms) = postSolution
		{57AAAE13-09BA-4295-9CF2-36E7B7D84765}.Debug|x64.ActiveCfg = Debug|x64
		{57AAAE13-09BA-4295-9CF2-36E7B7D84765}.Debug|x64.Build.0 = Debug|x64
		{57AAAE13-09BA-4295-9CF2-36E7B7D84765}.Debug|x86.ActiveCfg = Debug|Win32
		{57AAAE13-09BA-4295-9CF2-36E7B7D84765}.Debug|x86.Build.0 = Debug|Win32
		{57AAAE13-09BA-4295-9CF2-36E7B7D84765}.Release|x64.ActiveCfg = Release|x64
		{57AAAE13-09BA-4295-9CF2-36E7B7D84765}.Release|x64.Build.0 = Release|x64
		{57AAAE13-09BA-4295-9CF2-36E7B7D84765}.Release|x86.ActiveCfg = Release|Win32
		{57AAAE13-09BA-4295-9CF2-36E7B7D84765}.Release|x86.Build.0 = Release|Win32
	EndGlobalSection
	GlobalSection(SolutionProperties) = preSolution
		HideSolutionNode = FALSE
	EndGlobalSection
	GlobalSection(ExtensibilityGlobals) = postSolution
		SolutionGuid = {D85A70EE-6F9F-45C3-9CD5-79C341CF158B}
	EndGlobalSection
EndGlobal
