
Microsoft Visual Studio Solution File, Format Version 12.00
# Visual Studio Version 16
VisualStudioVersion = 16.0.31829.152
MinimumVisualStudioVersion = 10.0.40219.1
Project("{8BC9CEB8-8B4A-11D0-8D11-00A0C91BC942}") = "Lesson just", "Lesson just\Lesson just.vcxproj", "{B8B73A1E-8541-4226-86C8-9AB9399AE7DE}"
EndProject
Global
	GlobalSection(SolutionConfigurationPlatforms) = preSolution
		Debug|x64 = Debug|x64
		Debug|x86 = Debug|x86
		Release|x64 = Release|x64
		Release|x86 = Release|x86
	EndGlobalSection
	GlobalSection(ProjectConfigurationPlatforms) = postSolution
		{B8B73A1E-8541-4226-86C8-9AB9399AE7DE}.Debug|x64.ActiveCfg = Debug|x64
		{B8B73A1E-8541-4226-86C8-9AB9399AE7DE}.Debug|x64.Build.0 = Debug|x64
		{B8B73A1E-8541-4226-86C8-9AB9399AE7DE}.Debug|x86.ActiveCfg = Debug|Win32
		{B8B73A1E-8541-4226-86C8-9AB9399AE7DE}.Debug|x86.Build.0 = Debug|Win32
		{B8B73A1E-8541-4226-86C8-9AB9399AE7DE}.Release|x64.ActiveCfg = Release|x64
		{B8B73A1E-8541-4226-86C8-9AB9399AE7DE}.Release|x64.Build.0 = Release|x64
		{B8B73A1E-8541-4226-86C8-9AB9399AE7DE}.Release|x86.ActiveCfg = Release|Win32
		{B8B73A1E-8541-4226-86C8-9AB9399AE7DE}.Release|x86.Build.0 = Release|Win32
	EndGlobalSection
	GlobalSection(SolutionProperties) = preSolution
		HideSolutionNode = FALSE
	EndGlobalSection
	GlobalSection(ExtensibilityGlobals) = postSolution
		SolutionGuid = {A61FA495-D1C3-49C4-96E3-3F960BCDEC42}
	EndGlobalSection
EndGlobal
