
Microsoft Visual Studio Solution File, Format Version 12.00
# Visual Studio Version 16
VisualStudioVersion = 16.0.30907.101
MinimumVisualStudioVersion = 10.0.40219.1
Project("{8BC9CEB8-8B4A-11D0-8D11-00A0C91BC942}") = "Прямоугольный или нет", "Прямоугольный или нет\Прямоугольный или нет.vcxproj", "{553D4B7B-21B2-4E6C-BB99-C0211CD5BDE3}"
EndProject
Global
	GlobalSection(SolutionConfigurationPlatforms) = preSolution
		Debug|x64 = Debug|x64
		Debug|x86 = Debug|x86
		Release|x64 = Release|x64
		Release|x86 = Release|x86
	EndGlobalSection
	GlobalSection(ProjectConfigurationPlatforms) = postSolution
		{553D4B7B-21B2-4E6C-BB99-C0211CD5BDE3}.Debug|x64.ActiveCfg = Debug|x64
		{553D4B7B-21B2-4E6C-BB99-C0211CD5BDE3}.Debug|x64.Build.0 = Debug|x64
		{553D4B7B-21B2-4E6C-BB99-C0211CD5BDE3}.Debug|x86.ActiveCfg = Debug|Win32
		{553D4B7B-21B2-4E6C-BB99-C0211CD5BDE3}.Debug|x86.Build.0 = Debug|Win32
		{553D4B7B-21B2-4E6C-BB99-C0211CD5BDE3}.Release|x64.ActiveCfg = Release|x64
		{553D4B7B-21B2-4E6C-BB99-C0211CD5BDE3}.Release|x64.Build.0 = Release|x64
		{553D4B7B-21B2-4E6C-BB99-C0211CD5BDE3}.Release|x86.ActiveCfg = Release|Win32
		{553D4B7B-21B2-4E6C-BB99-C0211CD5BDE3}.Release|x86.Build.0 = Release|Win32
	EndGlobalSection
	GlobalSection(SolutionProperties) = preSolution
		HideSolutionNode = FALSE
	EndGlobalSection
	GlobalSection(ExtensibilityGlobals) = postSolution
		SolutionGuid = {239F70E2-DF36-4F15-94CF-4A4FE054CAC5}
	EndGlobalSection
EndGlobal
